
Microsoft Visual Studio Solution File, Format Version 12.00
# Visual Studio Version 16
VisualStudioVersion = 16.0.29709.97
MinimumVisualStudioVersion = 10.0.40219.1
Project("{FAE04EC0-301F-11D3-BF4B-00C04F79EFBC}") = "RegistrationSQLServer", "RegistrationSQLServer\RegistrationSQLServer.csproj", "{5E7B1D1B-DF8F-4E00-98EF-E583DF554F5B}"
EndProject
Project("{00D1A9C2-B5F0-4AF3-8072-F6C62B433612}") = "RegistrationDB", "..\RegistrationDB\RegistrationDB.sqlproj", "{43440761-92A0-4F40-9081-6B2A9714E796}"
EndProject
Global
	GlobalSection(SolutionConfigurationPlatforms) = preSolution
		Debug|Any CPU = Debug|Any CPU
		Release|Any CPU = Release|Any CPU
	EndGlobalSection
	GlobalSection(ProjectConfigurationPlatforms) = postSolution
		{5E7B1D1B-DF8F-4E00-98EF-E583DF554F5B}.Debug|Any CPU.ActiveCfg = Debug|Any CPU
		{5E7B1D1B-DF8F-4E00-98EF-E583DF554F5B}.Debug|Any CPU.Build.0 = Debug|Any CPU
		{5E7B1D1B-DF8F-4E00-98EF-E583DF554F5B}.Release|Any CPU.ActiveCfg = Release|Any CPU
		{5E7B1D1B-DF8F-4E00-98EF-E583DF554F5B}.Release|Any CPU.Build.0 = Release|Any CPU
		{43440761-92A0-4F40-9081-6B2A9714E796}.Debug|Any CPU.ActiveCfg = Debug|Any CPU
		{43440761-92A0-4F40-9081-6B2A9714E796}.Debug|Any CPU.Build.0 = Debug|Any CPU
		{43440761-92A0-4F40-9081-6B2A9714E796}.Debug|Any CPU.Deploy.0 = Debug|Any CPU
		{43440761-92A0-4F40-9081-6B2A9714E796}.Release|Any CPU.ActiveCfg = Release|Any CPU
		{43440761-92A0-4F40-9081-6B2A9714E796}.Release|Any CPU.Build.0 = Release|Any CPU
		{43440761-92A0-4F40-9081-6B2A9714E796}.Release|Any CPU.Deploy.0 = Release|Any CPU
	EndGlobalSection
	GlobalSection(SolutionProperties) = preSolution
		HideSolutionNode = FALSE
	EndGlobalSection
	GlobalSection(ExtensibilityGlobals) = postSolution
		SolutionGuid = {9645155A-443F-4B46-BB5E-0CFA12D0F972}
	EndGlobalSection
EndGlobal
